
Microsoft Visual Studio Solution File, Format Version 12.00
# Visual Studio 15
VisualStudioVersion = 15.0.28307.271
MinimumVisualStudioVersion = 10.0.40219.1
Project("{FAE04EC0-301F-11D3-BF4B-00C04F79EFBC}") = "example1", "example1\example1.csproj", "{F26796B5-F58A-4A3A-A314-2AFFC6AC349A}"
EndProject
Global
	GlobalSection(SolutionConfigurationPlatforms) = preSolution
		Debug|Any CPU = Debug|Any CPU
		Release|Any CPU = Release|Any CPU
	EndGlobalSection
	GlobalSection(ProjectConfigurationPlatforms) = postSolution
		{F26796B5-F58A-4A3A-A314-2AFFC6AC349A}.Debug|Any CPU.ActiveCfg = Debug|Any CPU
		{F26796B5-F58A-4A3A-A314-2AFFC6AC349A}.Debug|Any CPU.Build.0 = Debug|Any CPU
		{F26796B5-F58A-4A3A-A314-2AFFC6AC349A}.Release|Any CPU.ActiveCfg = Release|Any CPU
		{F26796B5-F58A-4A3A-A314-2AFFC6AC349A}.Release|Any CPU.Build.0 = Release|Any CPU
	EndGlobalSection
	GlobalSection(SolutionProperties) = preSolution
		HideSolutionNode = FALSE
	EndGlobalSection
	GlobalSection(ExtensibilityGlobals) = postSolution
		SolutionGuid = {83916F66-BDF7-4D68-BD2C-E1E93DB5C5FA}
	EndGlobalSection
EndGlobal
